
Microsoft Visual Studio Solution File, Format Version 12.00
# Visual Studio Version 16
VisualStudioVersion = 16.0.29905.134
MinimumVisualStudioVersion = 10.0.40219.1
Project("{FAE04EC0-301F-11D3-BF4B-00C04F79EFBC}") = "HeapSortBT", "HeapSort2\HeapSortBT.csproj", "{BB4A29C0-4D49-406F-8D25-423159AF35C1}"
EndProject
Project("{2150E333-8FDC-42A3-9474-1A3956D46DE8}") = "Solution Items", "Solution Items", "{60C96191-CDC9-4137-8B98-F9A297817387}"
	ProjectSection(SolutionItems) = preProject
		.editorconfig = .editorconfig
	EndProjectSection
EndProject
Global
	GlobalSection(SolutionConfigurationPlatforms) = preSolution
		Debug|Any CPU = Debug|Any CPU
		Release|Any CPU = Release|Any CPU
	EndGlobalSection
	GlobalSection(ProjectConfigurationPlatforms) = postSolution
		{BB4A29C0-4D49-406F-8D25-423159AF35C1}.Debug|Any CPU.ActiveCfg = Debug|Any CPU
		{BB4A29C0-4D49-406F-8D25-423159AF35C1}.Debug|Any CPU.Build.0 = Debug|Any CPU
		{BB4A29C0-4D49-406F-8D25-423159AF35C1}.Release|Any CPU.ActiveCfg = Release|Any CPU
		{BB4A29C0-4D49-406F-8D25-423159AF35C1}.Release|Any CPU.Build.0 = Release|Any CPU
	EndGlobalSection
	GlobalSection(SolutionProperties) = preSolution
		HideSolutionNode = FALSE
	EndGlobalSection
	GlobalSection(ExtensibilityGlobals) = postSolution
		SolutionGuid = {EB12A4E2-5D34-4BD1-8AD1-8C9CC44760C0}
	EndGlobalSection
EndGlobal
